
Microsoft Visual Studio Solution File, Format Version 12.00
# Visual Studio 2013
VisualStudioVersion = 12.0.31101.0
MinimumVisualStudioVersion = 10.0.40219.1
Project("{FAE04EC0-301F-11D3-BF4B-00C04F79EFBC}") = "PhotoSharingApplication", "PhotoSharingApplication\PhotoSharingApplication.csproj", "{64963B6B-72B1-44C1-8F29-BCF852EE503C}"
EndProject
Project("{FAE04EC0-301F-11D3-BF4B-00C04F79EFBC}") = "PhotoSharingTests", "PhotoSharingTests\PhotoSharingTests.csproj", "{7083A928-2766-4560-90A9-B93245B206D1}"
EndProject
Project("{CC5FD16D-436D-48AD-A40C-5A424C6E3E79}") = "LocationChecker", "LocationChecker\LocationChecker.ccproj", "{FA1F2793-65DE-4404-9892-948717E4697E}"
EndProject
Project("{FAE04EC0-301F-11D3-BF4B-00C04F79EFBC}") = "LocationCheckerWebRole", "WCFServiceWebRole1\LocationCheckerWebRole.csproj", "{222F42DF-C926-4B7C-805B-CE221DE1DDD9}"
EndProject
Global
	GlobalSection(SolutionConfigurationPlatforms) = preSolution
		Debug|Any CPU = Debug|Any CPU
		Release|Any CPU = Release|Any CPU
	EndGlobalSection
	GlobalSection(ProjectConfigurationPlatforms) = postSolution
		{64963B6B-72B1-44C1-8F29-BCF852EE503C}.Debug|Any CPU.ActiveCfg = Debug|Any CPU
		{64963B6B-72B1-44C1-8F29-BCF852EE503C}.Debug|Any CPU.Build.0 = Debug|Any CPU
		{64963B6B-72B1-44C1-8F29-BCF852EE503C}.Release|Any CPU.ActiveCfg = Release|Any CPU
		{64963B6B-72B1-44C1-8F29-BCF852EE503C}.Release|Any CPU.Build.0 = Release|Any CPU
		{7083A928-2766-4560-90A9-B93245B206D1}.Debug|Any CPU.ActiveCfg = Debug|Any CPU
		{7083A928-2766-4560-90A9-B93245B206D1}.Debug|Any CPU.Build.0 = Debug|Any CPU
		{7083A928-2766-4560-90A9-B93245B206D1}.Release|Any CPU.ActiveCfg = Release|Any CPU
		{7083A928-2766-4560-90A9-B93245B206D1}.Release|Any CPU.Build.0 = Release|Any CPU
		{FA1F2793-65DE-4404-9892-948717E4697E}.Debug|Any CPU.ActiveCfg = Debug|Any CPU
		{FA1F2793-65DE-4404-9892-948717E4697E}.Debug|Any CPU.Build.0 = Debug|Any CPU
		{FA1F2793-65DE-4404-9892-948717E4697E}.Release|Any CPU.ActiveCfg = Release|Any CPU
		{FA1F2793-65DE-4404-9892-948717E4697E}.Release|Any CPU.Build.0 = Release|Any CPU
		{222F42DF-C926-4B7C-805B-CE221DE1DDD9}.Debug|Any CPU.ActiveCfg = Debug|Any CPU
		{222F42DF-C926-4B7C-805B-CE221DE1DDD9}.Debug|Any CPU.Build.0 = Debug|Any CPU
		{222F42DF-C926-4B7C-805B-CE221DE1DDD9}.Release|Any CPU.ActiveCfg = Release|Any CPU
		{222F42DF-C926-4B7C-805B-CE221DE1DDD9}.Release|Any CPU.Build.0 = Release|Any CPU
	EndGlobalSection
	GlobalSection(SolutionProperties) = preSolution
		HideSolutionNode = FALSE
	EndGlobalSection
EndGlobal
